// !$*UTF8*$!
{
	archiveVersion = 1;
	classes = {
	};
	objectVersion = 56;
	objects = {

/* Begin PBXBuildFile section */
		132865702E16A88B0025FA2F /* DigitalTasbeehWithFriendsFYPApp.swift in Sources */ = {isa = PBXBuildFile; fileRef = 1328656F2E16A88B0025FA2F /* DigitalTasbeehWithFriendsFYPApp.swift */; };
		132865742E16A88E0025FA2F /* Assets.xcassets in Resources */ = {isa = PBXBuildFile; fileRef = 132865732E16A88E0025FA2F /* Assets.xcassets */; };
		132865772E16A88E0025FA2F /* Preview Assets.xcassets in Resources */ = {isa = PBXBuildFile; fileRef = 132865762E16A88E0025FA2F /* Preview Assets.xcassets */; };
		132865802E16AA200025FA2F /* WelcomeScreen.swift in Sources */ = {isa = PBXBuildFile; fileRef = 1328657F2E16AA200025FA2F /* WelcomeScreen.swift */; };
		132865822E16AFF90025FA2F /* LoginView.swift in Sources */ = {isa = PBXBuildFile; fileRef = 132865812E16AFF90025FA2F /* LoginView.swift */; };
		132865842E16B02D0025FA2F /* NetworkManager.swift in Sources */ = {isa = PBXBuildFile; fileRef = 132865832E16B02D0025FA2F /* NetworkManager.swift */; };
		132865862E16CA2A0025FA2F /* SignupView.swift in Sources */ = {isa = PBXBuildFile; fileRef = 132865852E16CA2A0025FA2F /* SignupView.swift */; };
		132865882E193D4F0025FA2F /* HomeView.swift in Sources */ = {isa = PBXBuildFile; fileRef = 132865872E193D4F0025FA2F /* HomeView.swift */; };
		1328658A2E1959BD0025FA2F /* GroupListView.swift in Sources */ = {isa = PBXBuildFile; fileRef = 132865892E1959BD0025FA2F /* GroupListView.swift */; };
		132865902E1960F30025FA2F /* CreateGroupSingleView.swift in Sources */ = {isa = PBXBuildFile; fileRef = 1328658F2E1960F30025FA2F /* CreateGroupSingleView.swift */; };
		138BF1922E1AE1F400B46802 /* AllFriends.swift in Sources */ = {isa = PBXBuildFile; fileRef = 138BF1912E1AE1F400B46802 /* AllFriends.swift */; };
		138BF1942E1AEA1400B46802 /* AllTasbeehView.swift in Sources */ = {isa = PBXBuildFile; fileRef = 138BF1932E1AEA1400B46802 /* AllTasbeehView.swift */; };
		138BF1962E1AF21B00B46802 /* NotificationView.swift in Sources */ = {isa = PBXBuildFile; fileRef = 138BF1952E1AF21B00B46802 /* NotificationView.swift */; };
		1390D6402E1A7B0000CC312A /* LoggedInUser.swift in Sources */ = {isa = PBXBuildFile; fileRef = 1390D63F2E1A7B0000CC312A /* LoggedInUser.swift */; };
		1390D6442E1A856F00CC312A /* SingleModel.swift in Sources */ = {isa = PBXBuildFile; fileRef = 1390D6432E1A856F00CC312A /* SingleModel.swift */; };
		13955A502E1C0DA900AE7D39 /* AllGroupTasbeehView.swift in Sources */ = {isa = PBXBuildFile; fileRef = 13955A4F2E1C0DA900AE7D39 /* AllGroupTasbeehView.swift */; };
		13955A522E1C5B2300AE7D39 /* HistoryView.swift in Sources */ = {isa = PBXBuildFile; fileRef = 13955A512E1C5B2300AE7D39 /* HistoryView.swift */; };
		13955A542E1C7B6B00AE7D39 /* Anycodable.swift in Sources */ = {isa = PBXBuildFile; fileRef = 13955A532E1C7B6B00AE7D39 /* Anycodable.swift */; };
		13955A562E1C7B9700AE7D39 /* AssignTasbeehView.swift in Sources */ = {isa = PBXBuildFile; fileRef = 13955A552E1C7B9600AE7D39 /* AssignTasbeehView.swift */; };
		13955A582E1C832300AE7D39 /* ManuallyDistributionView.swift in Sources */ = {isa = PBXBuildFile; fileRef = 13955A572E1C832300AE7D39 /* ManuallyDistributionView.swift */; };
		13955A5A2E1CC0F200AE7D39 /* CreateTasbeehView.swift in Sources */ = {isa = PBXBuildFile; fileRef = 13955A592E1CC0F200AE7D39 /* CreateTasbeehView.swift */; };
		13955A5C2E1CD17100AE7D39 /* CounterView.swift in Sources */ = {isa = PBXBuildFile; fileRef = 13955A5B2E1CD17100AE7D39 /* CounterView.swift */; };
/* End PBXBuildFile section */

/* Begin PBXFileReference section */
		1328656C2E16A88B0025FA2F /* DigitalTasbeehWithFriendsFYP.app */ = {isa = PBXFileReference; explicitFileType = wrapper.application; includeInIndex = 0; path = DigitalTasbeehWithFriendsFYP.app; sourceTree = BUILT_PRODUCTS_DIR; };
		1328656F2E16A88B0025FA2F /* DigitalTasbeehWithFriendsFYPApp.swift */ = {isa = PBXFileReference; lastKnownFileType = sourcecode.swift; path = DigitalTasbeehWithFriendsFYPApp.swift; sourceTree = "<group>"; };
		132865732E16A88E0025FA2F /* Assets.xcassets */ = {isa = PBXFileReference; lastKnownFileType = folder.assetcatalog; path = Assets.xcassets; sourceTree = "<group>"; };
		132865762E16A88E0025FA2F /* Preview Assets.xcassets */ = {isa = PBXFileReference; lastKnownFileType = folder.assetcatalog; path = "Preview Assets.xcassets"; sourceTree = "<group>"; };
		1328657F2E16AA200025FA2F /* WelcomeScreen.swift */ = {isa = PBXFileReference; lastKnownFileType = sourcecode.swift; path = WelcomeScreen.swift; sourceTree = "<group>"; };
		132865812E16AFF90025FA2F /* LoginView.swift */ = {isa = PBXFileReference; lastKnownFileType = sourcecode.swift; path = LoginView.swift; sourceTree = "<group>"; };
		132865832E16B02D0025FA2F /* NetworkManager.swift */ = {isa = PBXFileReference; lastKnownFileType = sourcecode.swift; path = NetworkManager.swift; sourceTree = "<group>"; };
		132865852E16CA2A0025FA2F /* SignupView.swift */ = {isa = PBXFileReference; lastKnownFileType = sourcecode.swift; path = SignupView.swift; sourceTree = "<group>"; };
		132865872E193D4F0025FA2F /* HomeView.swift */ = {isa = PBXFileReference; lastKnownFileType = sourcecode.swift; path = HomeView.swift; sourceTree = "<group>"; };
		132865892E1959BD0025FA2F /* GroupListView.swift */ = {isa = PBXFileReference; lastKnownFileType = sourcecode.swift; path = GroupListView.swift; sourceTree = "<group>"; };
		1328658F2E1960F30025FA2F /* CreateGroupSingleView.swift */ = {isa = PBXFileReference; lastKnownFileType = sourcecode.swift; path = CreateGroupSingleView.swift; sourceTree = "<group>"; };
		138BF1912E1AE1F400B46802 /* AllFriends.swift */ = {isa = PBXFileReference; lastKnownFileType = sourcecode.swift; path = AllFriends.swift; sourceTree = "<group>"; };
		138BF1932E1AEA1400B46802 /* AllTasbeehView.swift */ = {isa = PBXFileReference; lastKnownFileType = sourcecode.swift; path = AllTasbeehView.swift; sourceTree = "<group>"; };
		138BF1952E1AF21B00B46802 /* NotificationView.swift */ = {isa = PBXFileReference; lastKnownFileType = sourcecode.swift; path = NotificationView.swift; sourceTree = "<group>"; };
		1390D63F2E1A7B0000CC312A /* LoggedInUser.swift */ = {isa = PBXFileReference; lastKnownFileType = sourcecode.swift; path = LoggedInUser.swift; sourceTree = "<group>"; };
		1390D6432E1A856F00CC312A /* SingleModel.swift */ = {isa = PBXFileReference; lastKnownFileType = sourcecode.swift; path = SingleModel.swift; sourceTree = "<group>"; };
		13955A4F2E1C0DA900AE7D39 /* AllGroupTasbeehView.swift */ = {isa = PBXFileReference; lastKnownFileType = sourcecode.swift; path = AllGroupTasbeehView.swift; sourceTree = "<group>"; };
		13955A512E1C5B2300AE7D39 /* HistoryView.swift */ = {isa = PBXFileReference; lastKnownFileType = sourcecode.swift; path = HistoryView.swift; sourceTree = "<group>"; };
		13955A532E1C7B6B00AE7D39 /* Anycodable.swift */ = {isa = PBXFileReference; lastKnownFileType = sourcecode.swift; path = Anycodable.swift; sourceTree = "<group>"; };
		13955A552E1C7B9600AE7D39 /* AssignTasbeehView.swift */ = {isa = PBXFileReference; lastKnownFileType = sourcecode.swift; path = AssignTasbeehView.swift; sourceTree = "<group>"; };
		13955A572E1C832300AE7D39 /* ManuallyDistributionView.swift */ = {isa = PBXFileReference; lastKnownFileType = sourcecode.swift; path = ManuallyDistributionView.swift; sourceTree = "<group>"; };
		13955A592E1CC0F200AE7D39 /* CreateTasbeehView.swift */ = {isa = PBXFileReference; lastKnownFileType = sourcecode.swift; path = CreateTasbeehView.swift; sourceTree = "<group>"; };
		13955A5B2E1CD17100AE7D39 /* CounterView.swift */ = {isa = PBXFileReference; lastKnownFileType = sourcecode.swift; path = CounterView.swift; sourceTree = "<group>"; };
/* End PBXFileReference section */

/* Begin PBXFrameworksBuildPhase section */
		132865692E16A88B0025FA2F /* Frameworks */ = {
			isa = PBXFrameworksBuildPhase;
			buildActionMask = 2147483647;
			files = (
			);
			runOnlyForDeploymentPostprocessing = 0;
		};
/* End PBXFrameworksBuildPhase section */

/* Begin PBXGroup section */
		132865632E16A88B0025FA2F = {
			isa = PBXGroup;
			children = (
				1328656E2E16A88B0025FA2F /* DigitalTasbeehWithFriendsFYP */,
				1328656D2E16A88B0025FA2F /* Products */,
			);
			sourceTree = "<group>";
		};
		1328656D2E16A88B0025FA2F /* Products */ = {
			isa = PBXGroup;
			children = (
				1328656C2E16A88B0025FA2F /* DigitalTasbeehWithFriendsFYP.app */,
			);
			name = Products;
			sourceTree = "<group>";
		};
		1328656E2E16A88B0025FA2F /* DigitalTasbeehWithFriendsFYP */ = {
			isa = PBXGroup;
			children = (
				1328656F2E16A88B0025FA2F /* DigitalTasbeehWithFriendsFYPApp.swift */,
				132865832E16B02D0025FA2F /* NetworkManager.swift */,
				1328657F2E16AA200025FA2F /* WelcomeScreen.swift */,
				132865812E16AFF90025FA2F /* LoginView.swift */,
				132865852E16CA2A0025FA2F /* SignupView.swift */,
				132865872E193D4F0025FA2F /* HomeView.swift */,
				13955A5B2E1CD17100AE7D39 /* CounterView.swift */,
				13955A592E1CC0F200AE7D39 /* CreateTasbeehView.swift */,
				13955A552E1C7B9600AE7D39 /* AssignTasbeehView.swift */,
				13955A572E1C832300AE7D39 /* ManuallyDistributionView.swift */,
				13955A512E1C5B2300AE7D39 /* HistoryView.swift */,
				138BF1952E1AF21B00B46802 /* NotificationView.swift */,
				138BF1932E1AEA1400B46802 /* AllTasbeehView.swift */,
				138BF1912E1AE1F400B46802 /* AllFriends.swift */,
				132865892E1959BD0025FA2F /* GroupListView.swift */,
				13955A4F2E1C0DA900AE7D39 /* AllGroupTasbeehView.swift */,
				1328658F2E1960F30025FA2F /* CreateGroupSingleView.swift */,
				1390D63F2E1A7B0000CC312A /* LoggedInUser.swift */,
				1390D6432E1A856F00CC312A /* SingleModel.swift */,
				13955A532E1C7B6B00AE7D39 /* Anycodable.swift */,
				132865732E16A88E0025FA2F /* Assets.xcassets */,
				132865752E16A88E0025FA2F /* Preview Content */,
			);
			path = DigitalTasbeehWithFriendsFYP;
			sourceTree = "<group>";
		};
		132865752E16A88E0025FA2F /* Preview Content */ = {
			isa = PBXGroup;
			children = (
				132865762E16A88E0025FA2F /* Preview Assets.xcassets */,
			);
			path = "Preview Content";
			sourceTree = "<group>";
		};
/* End PBXGroup section */

/* Begin PBXNativeTarget section */
		1328656B2E16A88B0025FA2F /* DigitalTasbeehWithFriendsFYP */ = {
			isa = PBXNativeTarget;
			buildConfigurationList = 1328657A2E16A88E0025FA2F /* Build configuration list for PBXNativeTarget "DigitalTasbeehWithFriendsFYP" */;
			buildPhases = (
				132865682E16A88B0025FA2F /* Sources */,
				132865692E16A88B0025FA2F /* Frameworks */,
				1328656A2E16A88B0025FA2F /* Resources */,
			);
			buildRules = (
			);
			dependencies = (
			);
			name = DigitalTasbeehWithFriendsFYP;
			productName = DigitalTasbeehWithFriendsFYP;
			productReference = 1328656C2E16A88B0025FA2F /* DigitalTasbeehWithFriendsFYP.app */;
			productType = "com.apple.product-type.application";
		};
/* End PBXNativeTarget section */

/* Begin PBXProject section */
		132865642E16A88B0025FA2F /* Project object */ = {
			isa = PBXProject;
			attributes = {
				BuildIndependentTargetsInParallel = 1;
				LastSwiftUpdateCheck = 1420;
				LastUpgradeCheck = 1420;
				TargetAttributes = {
					1328656B2E16A88B0025FA2F = {
						CreatedOnToolsVersion = 14.2;
					};
				};
			};
			buildConfigurationList = 132865672E16A88B0025FA2F /* Build configuration list for PBXProject "DigitalTasbeehWithFriendsFYP" */;
			compatibilityVersion = "Xcode 14.0";
			developmentRegion = en;
			hasScannedForEncodings = 0;
			knownRegions = (
				en,
				Base,
			);
			mainGroup = 132865632E16A88B0025FA2F;
			productRefGroup = 1328656D2E16A88B0025FA2F /* Products */;
			projectDirPath = "";
			projectRoot = "";
			targets = (
				1328656B2E16A88B0025FA2F /* DigitalTasbeehWithFriendsFYP */,
			);
		};
/* End PBXProject section */

/* Begin PBXResourcesBuildPhase section */
		1328656A2E16A88B0025FA2F /* Resources */ = {
			isa = PBXResourcesBuildPhase;
			buildActionMask = 2147483647;
			files = (
				132865772E16A88E0025FA2F /* Preview Assets.xcassets in Resources */,
				132865742E16A88E0025FA2F /* Assets.xcassets in Resources */,
			);
			runOnlyForDeploymentPostprocessing = 0;
		};
/* End PBXResourcesBuildPhase section */

/* Begin PBXSourcesBuildPhase section */
		132865682E16A88B0025FA2F /* Sources */ = {
			isa = PBXSourcesBuildPhase;
			buildActionMask = 2147483647;
			files = (
				132865842E16B02D0025FA2F /* NetworkManager.swift in Sources */,
				132865822E16AFF90025FA2F /* LoginView.swift in Sources */,
				1328658A2E1959BD0025FA2F /* GroupListView.swift in Sources */,
				13955A582E1C832300AE7D39 /* ManuallyDistributionView.swift in Sources */,
				13955A502E1C0DA900AE7D39 /* AllGroupTasbeehView.swift in Sources */,
				138BF1962E1AF21B00B46802 /* NotificationView.swift in Sources */,
				138BF1942E1AEA1400B46802 /* AllTasbeehView.swift in Sources */,
				132865802E16AA200025FA2F /* WelcomeScreen.swift in Sources */,
				13955A522E1C5B2300AE7D39 /* HistoryView.swift in Sources */,
				132865902E1960F30025FA2F /* CreateGroupSingleView.swift in Sources */,
				132865882E193D4F0025FA2F /* HomeView.swift in Sources */,
				13955A5A2E1CC0F200AE7D39 /* CreateTasbeehView.swift in Sources */,
				13955A562E1C7B9700AE7D39 /* AssignTasbeehView.swift in Sources */,
				138BF1922E1AE1F400B46802 /* AllFriends.swift in Sources */,
				132865702E16A88B0025FA2F /* DigitalTasbeehWithFriendsFYPApp.swift in Sources */,
				132865862E16CA2A0025FA2F /* SignupView.swift in Sources */,
				13955A542E1C7B6B00AE7D39 /* Anycodable.swift in Sources */,
				1390D6402E1A7B0000CC312A /* LoggedInUser.swift in Sources */,
				1390D6442E1A856F00CC312A /* SingleModel.swift in Sources */,
				13955A5C2E1CD17100AE7D39 /* CounterView.swift in Sources */,
			);
			runOnlyForDeploymentPostprocessing = 0;
		};
/* End PBXSourcesBuildPhase section */

/* Begin XCBuildConfiguration section */
		132865782E16A88E0025FA2F /* Debug */ = {
			isa = XCBuildConfiguration;
			buildSettings = {
				ALWAYS_SEARCH_USER_PATHS = NO;
				CLANG_ANALYZER_NONNULL = YES;
				CLANG_ANALYZER_NUMBER_OBJECT_CONVERSION = YES_AGGRESSIVE;
				CLANG_CXX_LANGUAGE_STANDARD = "gnu++20";
				CLANG_ENABLE_MODULES = YES;
				CLANG_ENABLE_OBJC_ARC = YES;
				CLANG_ENABLE_OBJC_WEAK = YES;
				CLANG_WARN_BLOCK_CAPTURE_AUTORELEASING = YES;
				CLANG_WARN_BOOL_CONVERSION = YES;
				CLANG_WARN_COMMA = YES;
				CLANG_WARN_CONSTANT_CONVERSION = YES;
				CLANG_WARN_DEPRECATED_OBJC_IMPLEMENTATIONS = YES;
				CLANG_WARN_DIRECT_OBJC_ISA_USAGE = YES_ERROR;
				CLANG_WARN_DOCUMENTATION_COMMENTS = YES;
				CLANG_WARN_EMPTY_BODY = YES;
				CLANG_WARN_ENUM_CONVERSION = YES;
				CLANG_WARN_INFINITE_RECURSION = YES;
				CLANG_WARN_INT_CONVERSION = YES;
				CLANG_WARN_NON_LITERAL_NULL_CONVERSION = YES;
				CLANG_WARN_OBJC_IMPLICIT_RETAIN_SELF = YES;
				CLANG_WARN_OBJC_LITERAL_CONVERSION = YES;
				CLANG_WARN_OBJC_ROOT_CLASS = YES_ERROR;
				CLANG_WARN_QUOTED_INCLUDE_IN_FRAMEWORK_HEADER = YES;
				CLANG_WARN_RANGE_LOOP_ANALYSIS = YES;
				CLANG_WARN_STRICT_PROTOTYPES = YES;
				CLANG_WARN_SUSPICIOUS_MOVE = YES;
				CLANG_WARN_UNGUARDED_AVAILABILITY = YES_AGGRESSIVE;
				CLANG_WARN_UNREACHABLE_CODE = YES;
				CLANG_WARN__DUPLICATE_METHOD_MATCH = YES;
				COPY_PHASE_STRIP = NO;
				DEBUG_INFORMATION_FORMAT = dwarf;
				ENABLE_STRICT_OBJC_MSGSEND = YES;
				ENABLE_TESTABILITY = YES;
				GCC_C_LANGUAGE_STANDARD = gnu11;
				GCC_DYNAMIC_NO_PIC = NO;
				GCC_NO_COMMON_BLOCKS = YES;
				GCC_OPTIMIZATION_LEVEL = 0;
				GCC_PREPROCESSOR_DEFINITIONS = (
					"DEBUG=1",
					"$(inherited)",
				);
				GCC_WARN_64_TO_32_BIT_CONVERSION = YES;
				GCC_WARN_ABOUT_RETURN_TYPE = YES_ERROR;
				GCC_WARN_UNDECLARED_SELECTOR = YES;
				GCC_WARN_UNINITIALIZED_AUTOS = YES_AGGRESSIVE;
				GCC_WARN_UNUSED_FUNCTION = YES;
				GCC_WARN_UNUSED_VARIABLE = YES;
				IPHONEOS_DEPLOYMENT_TARGET = 16.2;
				MTL_ENABLE_DEBUG_INFO = INCLUDE_SOURCE;
				MTL_FAST_MATH = YES;
				ONLY_ACTIVE_ARCH = YES;
				SDKROOT = iphoneos;
				SWIFT_ACTIVE_COMPILATION_CONDITIONS = DEBUG;
				SWIFT_OPTIMIZATION_LEVEL = "-Onone";
			};
			name = Debug;
		};
		132865792E16A88E0025FA2F /* Release */ = {
			isa = XCBuildConfiguration;
			buildSettings = {
				ALWAYS_SEARCH_USER_PATHS = NO;
				CLANG_ANALYZER_NONNULL = YES;
				CLANG_ANALYZER_NUMBER_OBJECT_CONVERSION = YES_AGGRESSIVE;
				CLANG_CXX_LANGUAGE_STANDARD = "gnu++20";
				CLANG_ENABLE_MODULES = YES;
				CLANG_ENABLE_OBJC_ARC = YES;
				CLANG_ENABLE_OBJC_WEAK = YES;
				CLANG_WARN_BLOCK_CAPTURE_AUTORELEASING = YES;
				CLANG_WARN_BOOL_CONVERSION = YES;
				CLANG_WARN_COMMA = YES;
				CLANG_WARN_CONSTANT_CONVERSION = YES;
				CLANG_WARN_DEPRECATED_OBJC_IMPLEMENTATIONS = YES;
				CLANG_WARN_DIRECT_OBJC_ISA_USAGE = YES_ERROR;
				CLANG_WARN_DOCUMENTATION_COMMENTS = YES;
				CLANG_WARN_EMPTY_BODY = YES;
				CLANG_WARN_ENUM_CONVERSION = YES;
				CLANG_WARN_INFINITE_RECURSION = YES;
				CLANG_WARN_INT_CONVERSION = YES;
				CLANG_WARN_NON_LITERAL_NULL_CONVERSION = YES;
				CLANG_WARN_OBJC_IMPLICIT_RETAIN_SELF = YES;
				CLANG_WARN_OBJC_LITERAL_CONVERSION = YES;
				CLANG_WARN_OBJC_ROOT_CLASS = YES_ERROR;
				CLANG_WARN_QUOTED_INCLUDE_IN_FRAMEWORK_HEADER = YES;
				CLANG_WARN_RANGE_LOOP_ANALYSIS = YES;
				CLANG_WARN_STRICT_PROTOTYPES = YES;
				CLANG_WARN_SUSPICIOUS_MOVE = YES;
				CLANG_WARN_UNGUARDED_AVAILABILITY = YES_AGGRESSIVE;
				CLANG_WARN_UNREACHABLE_CODE = YES;
				CLANG_WARN__DUPLICATE_METHOD_MATCH = YES;
				COPY_PHASE_STRIP = NO;
				DEBUG_INFORMATION_FORMAT = "dwarf-with-dsym";
				ENABLE_NS_ASSERTIONS = NO;
				ENABLE_STRICT_OBJC_MSGSEND = YES;
				GCC_C_LANGUAGE_STANDARD = gnu11;
				GCC_NO_COMMON_BLOCKS = YES;
				GCC_WARN_64_TO_32_BIT_CONVERSION = YES;
				GCC_WARN_ABOUT_RETURN_TYPE = YES_ERROR;
				GCC_WARN_UNDECLARED_SELECTOR = YES;
				GCC_WARN_UNINITIALIZED_AUTOS = YES_AGGRESSIVE;
				GCC_WARN_UNUSED_FUNCTION = YES;
				GCC_WARN_UNUSED_VARIABLE = YES;
				IPHONEOS_DEPLOYMENT_TARGET = 16.2;
				MTL_ENABLE_DEBUG_INFO = NO;
				MTL_FAST_MATH = YES;
				SDKROOT = iphoneos;
				SWIFT_COMPILATION_MODE = wholemodule;
				SWIFT_OPTIMIZATION_LEVEL = "-O";
				VALIDATE_PRODUCT = YES;
			};
			name = Release;
		};
		1328657B2E16A88E0025FA2F /* Debug */ = {
			isa = XCBuildConfiguration;
			buildSettings = {
				ASSETCATALOG_COMPILER_APPICON_NAME = AppIcon;
				ASSETCATALOG_COMPILER_GLOBAL_ACCENT_COLOR_NAME = AccentColor;
				CODE_SIGN_STYLE = Automatic;
				CURRENT_PROJECT_VERSION = 1;
				DEVELOPMENT_ASSET_PATHS = "\"DigitalTasbeehWithFriendsFYP/Preview Content\"";
				ENABLE_PREVIEWS = YES;
				GENERATE_INFOPLIST_FILE = YES;
				INFOPLIST_KEY_UIApplicationSceneManifest_Generation = YES;
				INFOPLIST_KEY_UIApplicationSupportsIndirectInputEvents = YES;
				INFOPLIST_KEY_UILaunchScreen_Generation = YES;
				INFOPLIST_KEY_UISupportedInterfaceOrientations_iPad = "UIInterfaceOrientationPortrait UIInterfaceOrientationPortraitUpsideDown UIInterfaceOrientationLandscapeLeft UIInterfaceOrientationLandscapeRight";
				INFOPLIST_KEY_UISupportedInterfaceOrientations_iPhone = "UIInterfaceOrientationPortrait UIInterfaceOrientationLandscapeLeft UIInterfaceOrientationLandscapeRight";
				LD_RUNPATH_SEARCH_PATHS = (
					"$(inherited)",
					"@executable_path/Frameworks",
				);
				MARKETING_VERSION = 1.0;
				PRODUCT_BUNDLE_IDENTIFIER = com.myawesomeapp.DigitalTasbeehWithFriendsFYP;
				PRODUCT_NAME = "$(TARGET_NAME)";
				SWIFT_EMIT_LOC_STRINGS = YES;
				SWIFT_VERSION = 5.0;
				TARGETED_DEVICE_FAMILY = "1,2";
			};
			name = Debug;
		};
		1328657C2E16A88E0025FA2F /* Release */ = {
			isa = XCBuildConfiguration;
			buildSettings = {
				ASSETCATALOG_COMPILER_APPICON_NAME = AppIcon;
				ASSETCATALOG_COMPILER_GLOBAL_ACCENT_COLOR_NAME = AccentColor;
				CODE_SIGN_STYLE = Automatic;
				CURRENT_PROJECT_VERSION = 1;
				DEVELOPMENT_ASSET_PATHS = "\"DigitalTasbeehWithFriendsFYP/Preview Content\"";
				ENABLE_PREVIEWS = YES;
				GENERATE_INFOPLIST_FILE = YES;
				INFOPLIST_KEY_UIApplicationSceneManifest_Generation = YES;
				INFOPLIST_KEY_UIApplicationSupportsIndirectInputEvents = YES;
				INFOPLIST_KEY_UILaunchScreen_Generation = YES;
				INFOPLIST_KEY_UISupportedInterfaceOrientations_iPad = "UIInterfaceOrientationPortrait UIInterfaceOrientationPortraitUpsideDown UIInterfaceOrientationLandscapeLeft UIInterfaceOrientationLandscapeRight";
				INFOPLIST_KEY_UISupportedInterfaceOrientations_iPhone = "UIInterfaceOrientationPortrait UIInterfaceOrientationLandscapeLeft UIInterfaceOrientationLandscapeRight";
				LD_RUNPATH_SEARCH_PATHS = (
					"$(inherited)",
					"@executable_path/Frameworks",
				);
				MARKETING_VERSION = 1.0;
				PRODUCT_BUNDLE_IDENTIFIER = com.myawesomeapp.DigitalTasbeehWithFriendsFYP;
				PRODUCT_NAME = "$(TARGET_NAME)";
				SWIFT_EMIT_LOC_STRINGS = YES;
				SWIFT_VERSION = 5.0;
				TARGETED_DEVICE_FAMILY = "1,2";
			};
			name = Release;
		};
/* End XCBuildConfiguration section */

/* Begin XCConfigurationList section */
		132865672E16A88B0025FA2F /* Build configuration list for PBXProject "DigitalTasbeehWithFriendsFYP" */ = {
			isa = XCConfigurationList;
			buildConfigurations = (
				132865782E16A88E0025FA2F /* Debug */,
				132865792E16A88E0025FA2F /* Release */,
			);
			defaultConfigurationIsVisible = 0;
			defaultConfigurationName = Release;
		};
		1328657A2E16A88E0025FA2F /* Build configuration list for PBXNativeTarget "DigitalTasbeehWithFriendsFYP" */ = {
			isa = XCConfigurationList;
			buildConfigurations = (
				1328657B2E16A88E0025FA2F /* Debug */,
				1328657C2E16A88E0025FA2F /* Release */,
			);
			defaultConfigurationIsVisible = 0;
			defaultConfigurationName = Release;
		};
/* End XCConfigurationList section */
	};
	rootObject = 132865642E16A88B0025FA2F /* Project object */;
}
